
Microsoft Visual Studio Solution File, Format Version 12.00
# Visual Studio 15
Project("{FAE04EC0-301F-11D3-BF4B-00C04F79EFBC}") = "UnityEngine.TestRunner", "UnityEngine.TestRunner.csproj", "{0C532A04-976E-85B3-DF48-55C7E46B0C59}"
EndProject
Project("{FAE04EC0-301F-11D3-BF4B-00C04F79EFBC}") = "com.unity.multiplayer-hlapi.Runtime", "com.unity.multiplayer-hlapi.Runtime.csproj", "{78426465-0975-137F-55B0-88E52E26B5C8}"
EndProject
Project("{FAE04EC0-301F-11D3-BF4B-00C04F79EFBC}") = "Unity.TextMeshPro", "Unity.TextMeshPro.csproj", "{1CDC6838-B5FA-C129-D903-930454C93D04}"
EndProject
Project("{FAE04EC0-301F-11D3-BF4B-00C04F79EFBC}") = "Unity.Timeline", "Unity.Timeline.csproj", "{90AB7BF2-374C-F641-6499-4CBDEDBC8B31}"
EndProject
Project("{FAE04EC0-301F-11D3-BF4B-00C04F79EFBC}") = "UnityEngine.Advertisements", "UnityEngine.Advertisements.csproj", "{CFE4AF5D-317F-E9B2-D6C9-B941852A3A63}"
EndProject
Project("{FAE04EC0-301F-11D3-BF4B-00C04F79EFBC}") = "Unity.Analytics.DataPrivacy", "Unity.Analytics.DataPrivacy.csproj", "{5D8BF07A-2C5C-5438-D79E-33CA90513A6D}"
EndProject
Project("{FAE04EC0-301F-11D3-BF4B-00C04F79EFBC}") = "UnityEngine.Monetization", "UnityEngine.Monetization.csproj", "{8643BEF4-D34A-D5D4-F8A6-BA06B27D994F}"
EndProject
Project("{FAE04EC0-301F-11D3-BF4B-00C04F79EFBC}") = "UnityEngine.XR.LegacyInputHelpers", "UnityEngine.XR.LegacyInputHelpers.csproj", "{88A9D44E-8C2B-0D32-3F2B-891F5BE85B42}"
EndProject
Project("{FAE04EC0-301F-11D3-BF4B-00C04F79EFBC}") = "Assembly-CSharp", "Assembly-CSharp.csproj", "{1AA6A9AD-8FA3-3849-85E4-4C7669AD0BAC}"
EndProject
Project("{FAE04EC0-301F-11D3-BF4B-00C04F79EFBC}") = "UnityEngine.SpatialTracking", "UnityEngine.SpatialTracking.csproj", "{3F765D70-CBCC-BB4D-981D-51D19D4B18AC}"
EndProject
Project("{FAE04EC0-301F-11D3-BF4B-00C04F79EFBC}") = "Unity.TextMeshPro.Editor", "Unity.TextMeshPro.Editor.csproj", "{076C118B-AEAD-0A4B-A028-4784888ADC19}"
EndProject
Project("{FAE04EC0-301F-11D3-BF4B-00C04F79EFBC}") = "Unity.Timeline.Editor", "Unity.Timeline.Editor.csproj", "{17649579-9263-B920-4CA0-1E2B0CBFEA88}"
EndProject
Project("{FAE04EC0-301F-11D3-BF4B-00C04F79EFBC}") = "UnityEditor.TestRunner", "UnityEditor.TestRunner.csproj", "{DCAEDF3C-3437-5D31-87D7-5062D19F2891}"
EndProject
Project("{FAE04EC0-301F-11D3-BF4B-00C04F79EFBC}") = "com.unity.multiplayer-hlapi.Editor", "com.unity.multiplayer-hlapi.Editor.csproj", "{40A487B6-A870-3C2C-1F3C-AA8713C2FCFC}"
EndProject
Project("{FAE04EC0-301F-11D3-BF4B-00C04F79EFBC}") = "Unity.Rider.Editor", "Unity.Rider.Editor.csproj", "{32C7E883-5675-97E6-6356-D63327EEED9E}"
EndProject
Project("{FAE04EC0-301F-11D3-BF4B-00C04F79EFBC}") = "UnityEditor.XR.LegacyInputHelpers", "UnityEditor.XR.LegacyInputHelpers.csproj", "{DECF2431-375B-4D4E-91B6-3C4C9C227F25}"
EndProject
Project("{FAE04EC0-301F-11D3-BF4B-00C04F79EFBC}") = "Unity.CollabProxy.Editor", "Unity.CollabProxy.Editor.csproj", "{1DE9CA8B-02E1-D477-A139-FEDB8A2DB1C9}"
EndProject
Project("{FAE04EC0-301F-11D3-BF4B-00C04F79EFBC}") = "com.unity.multiplayer-weaver.Editor", "com.unity.multiplayer-weaver.Editor.csproj", "{D0A00E24-5D04-C1B7-0BBB-5977E5818779}"
EndProject
Project("{FAE04EC0-301F-11D3-BF4B-00C04F79EFBC}") = "Unity.VSCode.Editor", "Unity.VSCode.Editor.csproj", "{C1F07801-3548-9B0A-FA9E-80A903B2A79A}"
EndProject
Project("{FAE04EC0-301F-11D3-BF4B-00C04F79EFBC}") = "UnityEditor.SpatialTracking", "UnityEditor.SpatialTracking.csproj", "{BB69FE0E-4339-7FE2-E095-9039D437B093}"
EndProject
Global
	GlobalSection(SolutionConfigurationPlatforms) = preSolution
		Debug|Any CPU = Debug|Any CPU
		Release|Any CPU = Release|Any CPU
	EndGlobalSection
	GlobalSection(ProjectConfigurationPlatforms) = postSolution
		{0C532A04-976E-85B3-DF48-55C7E46B0C59}.Debug|Any CPU.ActiveCfg = Debug|Any CPU
		{0C532A04-976E-85B3-DF48-55C7E46B0C59}.Debug|Any CPU.Build.0 = Debug|Any CPU
		{0C532A04-976E-85B3-DF48-55C7E46B0C59}.Release|Any CPU.ActiveCfg = Release|Any CPU
		{0C532A04-976E-85B3-DF48-55C7E46B0C59}.Release|Any CPU.Build.0 = Release|Any CPU
		{78426465-0975-137F-55B0-88E52E26B5C8}.Debug|Any CPU.ActiveCfg = Debug|Any CPU
		{78426465-0975-137F-55B0-88E52E26B5C8}.Debug|Any CPU.Build.0 = Debug|Any CPU
		{78426465-0975-137F-55B0-88E52E26B5C8}.Release|Any CPU.ActiveCfg = Release|Any CPU
		{78426465-0975-137F-55B0-88E52E26B5C8}.Release|Any CPU.Build.0 = Release|Any CPU
		{1CDC6838-B5FA-C129-D903-930454C93D04}.Debug|Any CPU.ActiveCfg = Debug|Any CPU
		{1CDC6838-B5FA-C129-D903-930454C93D04}.Debug|Any CPU.Build.0 = Debug|Any CPU
		{1CDC6838-B5FA-C129-D903-930454C93D04}.Release|Any CPU.ActiveCfg = Release|Any CPU
		{1CDC6838-B5FA-C129-D903-930454C93D04}.Release|Any CPU.Build.0 = Release|Any CPU
		{90AB7BF2-374C-F641-6499-4CBDEDBC8B31}.Debug|Any CPU.ActiveCfg = Debug|Any CPU
		{90AB7BF2-374C-F641-6499-4CBDEDBC8B31}.Debug|Any CPU.Build.0 = Debug|Any CPU
		{90AB7BF2-374C-F641-6499-4CBDEDBC8B31}.Release|Any CPU.ActiveCfg = Release|Any CPU
		{90AB7BF2-374C-F641-6499-4CBDEDBC8B31}.Release|Any CPU.Build.0 = Release|Any CPU
		{CFE4AF5D-317F-E9B2-D6C9-B941852A3A63}.Debug|Any CPU.ActiveCfg = Debug|Any CPU
		{CFE4AF5D-317F-E9B2-D6C9-B941852A3A63}.Debug|Any CPU.Build.0 = Debug|Any CPU
		{CFE4AF5D-317F-E9B2-D6C9-B941852A3A63}.Release|Any CPU.ActiveCfg = Release|Any CPU
		{CFE4AF5D-317F-E9B2-D6C9-B941852A3A63}.Release|Any CPU.Build.0 = Release|Any CPU
		{5D8BF07A-2C5C-5438-D79E-33CA90513A6D}.Debug|Any CPU.ActiveCfg = Debug|Any CPU
		{5D8BF07A-2C5C-5438-D79E-33CA90513A6D}.Debug|Any CPU.Build.0 = Debug|Any CPU
		{5D8BF07A-2C5C-5438-D79E-33CA90513A6D}.Release|Any CPU.ActiveCfg = Release|Any CPU
		{5D8BF07A-2C5C-5438-D79E-33CA90513A6D}.Release|Any CPU.Build.0 = Release|Any CPU
		{8643BEF4-D34A-D5D4-F8A6-BA06B27D994F}.Debug|Any CPU.ActiveCfg = Debug|Any CPU
		{8643BEF4-D34A-D5D4-F8A6-BA06B27D994F}.Debug|Any CPU.Build.0 = Debug|Any CPU
		{8643BEF4-D34A-D5D4-F8A6-BA06B27D994F}.Release|Any CPU.ActiveCfg = Release|Any CPU
		{8643BEF4-D34A-D5D4-F8A6-BA06B27D994F}.Release|Any CPU.Build.0 = Release|Any CPU
		{88A9D44E-8C2B-0D32-3F2B-891F5BE85B42}.Debug|Any CPU.ActiveCfg = Debug|Any CPU
		{88A9D44E-8C2B-0D32-3F2B-891F5BE85B42}.Debug|Any CPU.Build.0 = Debug|Any CPU
		{88A9D44E-8C2B-0D32-3F2B-891F5BE85B42}.Release|Any CPU.ActiveCfg = Release|Any CPU
		{88A9D44E-8C2B-0D32-3F2B-891F5BE85B42}.Release|Any CPU.Build.0 = Release|Any CPU
		{1AA6A9AD-8FA3-3849-85E4-4C7669AD0BAC}.Debug|Any CPU.ActiveCfg = Debug|Any CPU
		{1AA6A9AD-8FA3-3849-85E4-4C7669AD0BAC}.Debug|Any CPU.Build.0 = Debug|Any CPU
		{1AA6A9AD-8FA3-3849-85E4-4C7669AD0BAC}.Release|Any CPU.ActiveCfg = Release|Any CPU
		{1AA6A9AD-8FA3-3849-85E4-4C7669AD0BAC}.Release|Any CPU.Build.0 = Release|Any CPU
		{3F765D70-CBCC-BB4D-981D-51D19D4B18AC}.Debug|Any CPU.ActiveCfg = Debug|Any CPU
		{3F765D70-CBCC-BB4D-981D-51D19D4B18AC}.Debug|Any CPU.Build.0 = Debug|Any CPU
		{3F765D70-CBCC-BB4D-981D-51D19D4B18AC}.Release|Any CPU.ActiveCfg = Release|Any CPU
		{3F765D70-CBCC-BB4D-981D-51D19D4B18AC}.Release|Any CPU.Build.0 = Release|Any CPU
		{076C118B-AEAD-0A4B-A028-4784888ADC19}.Debug|Any CPU.ActiveCfg = Debug|Any CPU
		{076C118B-AEAD-0A4B-A028-4784888ADC19}.Debug|Any CPU.Build.0 = Debug|Any CPU
		{076C118B-AEAD-0A4B-A028-4784888ADC19}.Release|Any CPU.ActiveCfg = Release|Any CPU
		{076C118B-AEAD-0A4B-A028-4784888ADC19}.Release|Any CPU.Build.0 = Release|Any CPU
		{17649579-9263-B920-4CA0-1E2B0CBFEA88}.Debug|Any CPU.ActiveCfg = Debug|Any CPU
		{17649579-9263-B920-4CA0-1E2B0CBFEA88}.Debug|Any CPU.Build.0 = Debug|Any CPU
		{17649579-9263-B920-4CA0-1E2B0CBFEA88}.Release|Any CPU.ActiveCfg = Release|Any CPU
		{17649579-9263-B920-4CA0-1E2B0CBFEA88}.Release|Any CPU.Build.0 = Release|Any CPU
		{DCAEDF3C-3437-5D31-87D7-5062D19F2891}.Debug|Any CPU.ActiveCfg = Debug|Any CPU
		{DCAEDF3C-3437-5D31-87D7-5062D19F2891}.Debug|Any CPU.Build.0 = Debug|Any CPU
		{DCAEDF3C-3437-5D31-87D7-5062D19F2891}.Release|Any CPU.ActiveCfg = Release|Any CPU
		{DCAEDF3C-3437-5D31-87D7-5062D19F2891}.Release|Any CPU.Build.0 = Release|Any CPU
		{40A487B6-A870-3C2C-1F3C-AA8713C2FCFC}.Debug|Any CPU.ActiveCfg = Debug|Any CPU
		{40A487B6-A870-3C2C-1F3C-AA8713C2FCFC}.Debug|Any CPU.Build.0 = Debug|Any CPU
		{40A487B6-A870-3C2C-1F3C-AA8713C2FCFC}.Release|Any CPU.ActiveCfg = Release|Any CPU
		{40A487B6-A870-3C2C-1F3C-AA8713C2FCFC}.Release|Any CPU.Build.0 = Release|Any CPU
		{32C7E883-5675-97E6-6356-D63327EEED9E}.Debug|Any CPU.ActiveCfg = Debug|Any CPU
		{32C7E883-5675-97E6-6356-D63327EEED9E}.Debug|Any CPU.Build.0 = Debug|Any CPU
		{32C7E883-5675-97E6-6356-D63327EEED9E}.Release|Any CPU.ActiveCfg = Release|Any CPU
		{32C7E883-5675-97E6-6356-D63327EEED9E}.Release|Any CPU.Build.0 = Release|Any CPU
		{DECF2431-375B-4D4E-91B6-3C4C9C227F25}.Debug|Any CPU.ActiveCfg = Debug|Any CPU
		{DECF2431-375B-4D4E-91B6-3C4C9C227F25}.Debug|Any CPU.Build.0 = Debug|Any CPU
		{DECF2431-375B-4D4E-91B6-3C4C9C227F25}.Release|Any CPU.ActiveCfg = Release|Any CPU
		{DECF2431-375B-4D4E-91B6-3C4C9C227F25}.Release|Any CPU.Build.0 = Release|Any CPU
		{1DE9CA8B-02E1-D477-A139-FEDB8A2DB1C9}.Debug|Any CPU.ActiveCfg = Debug|Any CPU
		{1DE9CA8B-02E1-D477-A139-FEDB8A2DB1C9}.Debug|Any CPU.Build.0 = Debug|Any CPU
		{1DE9CA8B-02E1-D477-A139-FEDB8A2DB1C9}.Release|Any CPU.ActiveCfg = Release|Any CPU
		{1DE9CA8B-02E1-D477-A139-FEDB8A2DB1C9}.Release|Any CPU.Build.0 = Release|Any CPU
		{D0A00E24-5D04-C1B7-0BBB-5977E5818779}.Debug|Any CPU.ActiveCfg = Debug|Any CPU
		{D0A00E24-5D04-C1B7-0BBB-5977E5818779}.Debug|Any CPU.Build.0 = Debug|Any CPU
		{D0A00E24-5D04-C1B7-0BBB-5977E5818779}.Release|Any CPU.ActiveCfg = Release|Any CPU
		{D0A00E24-5D04-C1B7-0BBB-5977E5818779}.Release|Any CPU.Build.0 = Release|Any CPU
		{C1F07801-3548-9B0A-FA9E-80A903B2A79A}.Debug|Any CPU.ActiveCfg = Debug|Any CPU
		{C1F07801-3548-9B0A-FA9E-80A903B2A79A}.Debug|Any CPU.Build.0 = Debug|Any CPU
		{C1F07801-3548-9B0A-FA9E-80A903B2A79A}.Release|Any CPU.ActiveCfg = Release|Any CPU
		{C1F07801-3548-9B0A-FA9E-80A903B2A79A}.Release|Any CPU.Build.0 = Release|Any CPU
		{BB69FE0E-4339-7FE2-E095-9039D437B093}.Debug|Any CPU.ActiveCfg = Debug|Any CPU
		{BB69FE0E-4339-7FE2-E095-9039D437B093}.Debug|Any CPU.Build.0 = Debug|Any CPU
		{BB69FE0E-4339-7FE2-E095-9039D437B093}.Release|Any CPU.ActiveCfg = Release|Any CPU
		{BB69FE0E-4339-7FE2-E095-9039D437B093}.Release|Any CPU.Build.0 = Release|Any CPU
	EndGlobalSection
	GlobalSection(SolutionProperties) = preSolution
		HideSolutionNode = FALSE
	EndGlobalSection
EndGlobal
